
Microsoft Visual Studio Solution File, Format Version 12.00
# Visual Studio Version 16
VisualStudioVersion = 16.0.31702.278
MinimumVisualStudioVersion = 10.0.40219.1
Project("{FAE04EC0-301F-11D3-BF4B-00C04F79EFBC}") = "AzTUChat", "AzTUChat\AzTUChat.csproj", "{0A9BADCE-109B-42DA-84C6-A8F8858A5943}"
EndProject
Global
	GlobalSection(SolutionConfigurationPlatforms) = preSolution
		Debug|Any CPU = Debug|Any CPU
		Release|Any CPU = Release|Any CPU
	EndGlobalSection
	GlobalSection(ProjectConfigurationPlatforms) = postSolution
		{0A9BADCE-109B-42DA-84C6-A8F8858A5943}.Debug|Any CPU.ActiveCfg = Debug|Any CPU
		{0A9BADCE-109B-42DA-84C6-A8F8858A5943}.Debug|Any CPU.Build.0 = Debug|Any CPU
		{0A9BADCE-109B-42DA-84C6-A8F8858A5943}.Release|Any CPU.ActiveCfg = Release|Any CPU
		{0A9BADCE-109B-42DA-84C6-A8F8858A5943}.Release|Any CPU.Build.0 = Release|Any CPU
	EndGlobalSection
	GlobalSection(SolutionProperties) = preSolution
		HideSolutionNode = FALSE
	EndGlobalSection
	GlobalSection(ExtensibilityGlobals) = postSolution
		SolutionGuid = {BAF796D4-1374-4E4C-A8C2-D396DD477F5A}
	EndGlobalSection
EndGlobal
